
Microsoft Visual Studio Solution File, Format Version 12.00
Project("{FAE04EC0-301F-11D3-BF4B-00C04F79EFBC}") = "IoC.UnitTests", "IoC.UnitTests\IoC.UnitTests.csproj", "{E51F36FB-7509-472E-B649-753BBEFAC7A4}"
EndProject
Project("{FAE04EC0-301F-11D3-BF4B-00C04F79EFBC}") = "Benchmarks", "Benchmarks\Benchmarks.csproj", "{57738329-A49E-47AA-8FCE-9E804D3A08B9}"
EndProject
Project("{FAE04EC0-301F-11D3-BF4B-00C04F79EFBC}") = "IoC.QoL", "IoC.QoL\IoC.QoL.csproj", "{F7A0548C-97D8-4E29-B8E8-321295636776}"
EndProject
Project("{2150E333-8FDC-42A3-9474-1A3956D46DE8}") = "src", "src", "{B875EC87-AEC7-4445-950B-8FE2B07B2603}"
EndProject
Project("{2150E333-8FDC-42A3-9474-1A3956D46DE8}") = "tests", "tests", "{4B76B8DF-BD65-45DE-8152-C928B5D6A2FC}"
EndProject
Project("{2150E333-8FDC-42A3-9474-1A3956D46DE8}") = "benchmarks", "benchmarks", "{96AA5D27-131D-4756-90D6-84EFDBD1E52E}"
EndProject
Project("{FAE04EC0-301F-11D3-BF4B-00C04F79EFBC}") = "IoC", "IoC\IoC.csproj", "{78137CD5-BA45-4180-A3D6-FB9E0F07F6D3}"
EndProject
Project("{FAE04EC0-301F-11D3-BF4B-00C04F79EFBC}") = "IoC.QoL.UnitTests", "IoC.QoL.UnitTests\IoC.QoL.UnitTests.csproj", "{805F0833-FF88-429A-90AD-E4F0A71C8142}"
EndProject
Project("{FAE04EC0-301F-11D3-BF4B-00C04F79EFBC}") = "IoC.Plugins", "IoC.Plugins\IoC.Plugins.csproj", "{EEF28041-7EF0-49E9-8010-8054F72F5B22}"
EndProject
Project("{FAE04EC0-301F-11D3-BF4B-00C04F79EFBC}") = "IoC.Plugins.UnitTests", "IoC.Plugins.UnitTests\IoC.Plugins.UnitTests.csproj", "{C1E32949-6A60-4A24-953A-7379226782D3}"
EndProject
Project("{FAE04EC0-301F-11D3-BF4B-00C04F79EFBC}") = "IoC.Plugins.Mocks", "IoC.Plugins.Mocks\IoC.Plugins.Mocks.csproj", "{0ABD8CD2-4F75-40F8-B594-222CE0AE8982}"
EndProject
Global
	GlobalSection(SolutionConfigurationPlatforms) = preSolution
		Debug|Any CPU = Debug|Any CPU
		Release|Any CPU = Release|Any CPU
	EndGlobalSection
	GlobalSection(ProjectConfigurationPlatforms) = postSolution
		{E51F36FB-7509-472E-B649-753BBEFAC7A4}.Debug|Any CPU.ActiveCfg = Debug|Any CPU
		{E51F36FB-7509-472E-B649-753BBEFAC7A4}.Release|Any CPU.ActiveCfg = Release|Any CPU
		{E51F36FB-7509-472E-B649-753BBEFAC7A4}.Release|Any CPU.Build.0 = Release|Any CPU
		{E51F36FB-7509-472E-B649-753BBEFAC7A4}.Debug|Any CPU.Build.0 = Debug|Any CPU
		{57738329-A49E-47AA-8FCE-9E804D3A08B9}.Debug|Any CPU.ActiveCfg = Debug|Any CPU
		{57738329-A49E-47AA-8FCE-9E804D3A08B9}.Debug|Any CPU.Build.0 = Debug|Any CPU
		{57738329-A49E-47AA-8FCE-9E804D3A08B9}.Release|Any CPU.ActiveCfg = Release|Any CPU
		{57738329-A49E-47AA-8FCE-9E804D3A08B9}.Release|Any CPU.Build.0 = Release|Any CPU
		{F7A0548C-97D8-4E29-B8E8-321295636776}.Debug|Any CPU.ActiveCfg = Debug|Any CPU
		{F7A0548C-97D8-4E29-B8E8-321295636776}.Debug|Any CPU.Build.0 = Debug|Any CPU
		{F7A0548C-97D8-4E29-B8E8-321295636776}.Release|Any CPU.ActiveCfg = Release|Any CPU
		{F7A0548C-97D8-4E29-B8E8-321295636776}.Release|Any CPU.Build.0 = Release|Any CPU
		{78137CD5-BA45-4180-A3D6-FB9E0F07F6D3}.Debug|Any CPU.ActiveCfg = Debug|Any CPU
		{78137CD5-BA45-4180-A3D6-FB9E0F07F6D3}.Debug|Any CPU.Build.0 = Debug|Any CPU
		{78137CD5-BA45-4180-A3D6-FB9E0F07F6D3}.Release|Any CPU.ActiveCfg = Release|Any CPU
		{78137CD5-BA45-4180-A3D6-FB9E0F07F6D3}.Release|Any CPU.Build.0 = Release|Any CPU
		{805F0833-FF88-429A-90AD-E4F0A71C8142}.Debug|Any CPU.ActiveCfg = Debug|Any CPU
		{805F0833-FF88-429A-90AD-E4F0A71C8142}.Debug|Any CPU.Build.0 = Debug|Any CPU
		{805F0833-FF88-429A-90AD-E4F0A71C8142}.Release|Any CPU.ActiveCfg = Release|Any CPU
		{805F0833-FF88-429A-90AD-E4F0A71C8142}.Release|Any CPU.Build.0 = Release|Any CPU
		{EEF28041-7EF0-49E9-8010-8054F72F5B22}.Debug|Any CPU.ActiveCfg = Debug|Any CPU
		{EEF28041-7EF0-49E9-8010-8054F72F5B22}.Debug|Any CPU.Build.0 = Debug|Any CPU
		{EEF28041-7EF0-49E9-8010-8054F72F5B22}.Release|Any CPU.ActiveCfg = Release|Any CPU
		{EEF28041-7EF0-49E9-8010-8054F72F5B22}.Release|Any CPU.Build.0 = Release|Any CPU
		{C1E32949-6A60-4A24-953A-7379226782D3}.Debug|Any CPU.ActiveCfg = Debug|Any CPU
		{C1E32949-6A60-4A24-953A-7379226782D3}.Debug|Any CPU.Build.0 = Debug|Any CPU
		{C1E32949-6A60-4A24-953A-7379226782D3}.Release|Any CPU.ActiveCfg = Release|Any CPU
		{C1E32949-6A60-4A24-953A-7379226782D3}.Release|Any CPU.Build.0 = Release|Any CPU
		{0ABD8CD2-4F75-40F8-B594-222CE0AE8982}.Debug|Any CPU.ActiveCfg = Debug|Any CPU
		{0ABD8CD2-4F75-40F8-B594-222CE0AE8982}.Debug|Any CPU.Build.0 = Debug|Any CPU
		{0ABD8CD2-4F75-40F8-B594-222CE0AE8982}.Release|Any CPU.ActiveCfg = Release|Any CPU
		{0ABD8CD2-4F75-40F8-B594-222CE0AE8982}.Release|Any CPU.Build.0 = Release|Any CPU
	EndGlobalSection
	GlobalSection(NestedProjects) = preSolution
		{F7A0548C-97D8-4E29-B8E8-321295636776} = {B875EC87-AEC7-4445-950B-8FE2B07B2603}
		{E51F36FB-7509-472E-B649-753BBEFAC7A4} = {4B76B8DF-BD65-45DE-8152-C928B5D6A2FC}
		{57738329-A49E-47AA-8FCE-9E804D3A08B9} = {96AA5D27-131D-4756-90D6-84EFDBD1E52E}
		{78137CD5-BA45-4180-A3D6-FB9E0F07F6D3} = {B875EC87-AEC7-4445-950B-8FE2B07B2603}
		{805F0833-FF88-429A-90AD-E4F0A71C8142} = {4B76B8DF-BD65-45DE-8152-C928B5D6A2FC}
		{EEF28041-7EF0-49E9-8010-8054F72F5B22} = {B875EC87-AEC7-4445-950B-8FE2B07B2603}
		{C1E32949-6A60-4A24-953A-7379226782D3} = {4B76B8DF-BD65-45DE-8152-C928B5D6A2FC}
		{0ABD8CD2-4F75-40F8-B594-222CE0AE8982} = {4B76B8DF-BD65-45DE-8152-C928B5D6A2FC}
	EndGlobalSection
EndGlobal
