
Microsoft Visual Studio Solution File, Format Version 12.00
Project("{FAE04EC0-301F-11D3-BF4B-00C04F79EFBC}") = "Application", "Application\Application.csproj", "{6091AD3F-8FA4-4014-B697-E0DAF6A2FA54}"
EndProject
Project("{FAE04EC0-301F-11D3-BF4B-00C04F79EFBC}") = "Application.UnitTests", "Application.UnitTests\Application.UnitTests.csproj", "{E51F36FB-7509-472E-B649-753BBEFAC7A4}"
EndProject
Project("{FAE04EC0-301F-11D3-BF4B-00C04F79EFBC}") = "Benchmarks", "Benchmarks\Benchmarks.csproj", "{57738329-A49E-47AA-8FCE-9E804D3A08B9}"
EndProject
Project("{FAE04EC0-301F-11D3-BF4B-00C04F79EFBC}") = "Develop", "Develop\Develop.csproj", "{F7A0548C-97D8-4E29-B8E8-321295636776}"
EndProject
Project("{2150E333-8FDC-42A3-9474-1A3956D46DE8}") = "src", "src", "{B875EC87-AEC7-4445-950B-8FE2B07B2603}"
EndProject
Project("{2150E333-8FDC-42A3-9474-1A3956D46DE8}") = "tests", "tests", "{4B76B8DF-BD65-45DE-8152-C928B5D6A2FC}"
EndProject
Project("{2150E333-8FDC-42A3-9474-1A3956D46DE8}") = "benchmarks", "benchmarks", "{96AA5D27-131D-4756-90D6-84EFDBD1E52E}"
EndProject
Project("{FAE04EC0-301F-11D3-BF4B-00C04F79EFBC}") = "Domain", "Domain\Domain.csproj", "{78137CD5-BA45-4180-A3D6-FB9E0F07F6D3}"
EndProject
Project("{FAE04EC0-301F-11D3-BF4B-00C04F79EFBC}") = "Application.New", "Application.New\Application.New.csproj", "{A447C0D1-C505-4EE4-8D9D-A583760F3753}"
EndProject
Global
	GlobalSection(SolutionConfigurationPlatforms) = preSolution
		Debug|Any CPU = Debug|Any CPU
		Release|Any CPU = Release|Any CPU
	EndGlobalSection
	GlobalSection(ProjectConfigurationPlatforms) = postSolution
		{6091AD3F-8FA4-4014-B697-E0DAF6A2FA54}.Debug|Any CPU.ActiveCfg = Debug|Any CPU
		{6091AD3F-8FA4-4014-B697-E0DAF6A2FA54}.Debug|Any CPU.Build.0 = Debug|Any CPU
		{6091AD3F-8FA4-4014-B697-E0DAF6A2FA54}.Release|Any CPU.ActiveCfg = Release|Any CPU
		{6091AD3F-8FA4-4014-B697-E0DAF6A2FA54}.Release|Any CPU.Build.0 = Release|Any CPU
		{E51F36FB-7509-472E-B649-753BBEFAC7A4}.Debug|Any CPU.ActiveCfg = Debug|Any CPU
		{E51F36FB-7509-472E-B649-753BBEFAC7A4}.Release|Any CPU.ActiveCfg = Release|Any CPU
		{E51F36FB-7509-472E-B649-753BBEFAC7A4}.Release|Any CPU.Build.0 = Release|Any CPU
		{57738329-A49E-47AA-8FCE-9E804D3A08B9}.Debug|Any CPU.ActiveCfg = Debug|Any CPU
		{57738329-A49E-47AA-8FCE-9E804D3A08B9}.Debug|Any CPU.Build.0 = Debug|Any CPU
		{57738329-A49E-47AA-8FCE-9E804D3A08B9}.Release|Any CPU.ActiveCfg = Release|Any CPU
		{57738329-A49E-47AA-8FCE-9E804D3A08B9}.Release|Any CPU.Build.0 = Release|Any CPU
		{F7A0548C-97D8-4E29-B8E8-321295636776}.Debug|Any CPU.ActiveCfg = Debug|Any CPU
		{F7A0548C-97D8-4E29-B8E8-321295636776}.Debug|Any CPU.Build.0 = Debug|Any CPU
		{F7A0548C-97D8-4E29-B8E8-321295636776}.Release|Any CPU.ActiveCfg = Release|Any CPU
		{F7A0548C-97D8-4E29-B8E8-321295636776}.Release|Any CPU.Build.0 = Release|Any CPU
		{78137CD5-BA45-4180-A3D6-FB9E0F07F6D3}.Debug|Any CPU.ActiveCfg = Debug|Any CPU
		{78137CD5-BA45-4180-A3D6-FB9E0F07F6D3}.Debug|Any CPU.Build.0 = Debug|Any CPU
		{78137CD5-BA45-4180-A3D6-FB9E0F07F6D3}.Release|Any CPU.ActiveCfg = Release|Any CPU
		{78137CD5-BA45-4180-A3D6-FB9E0F07F6D3}.Release|Any CPU.Build.0 = Release|Any CPU
		{A447C0D1-C505-4EE4-8D9D-A583760F3753}.Debug|Any CPU.ActiveCfg = Debug|Any CPU
		{A447C0D1-C505-4EE4-8D9D-A583760F3753}.Debug|Any CPU.Build.0 = Debug|Any CPU
		{A447C0D1-C505-4EE4-8D9D-A583760F3753}.Release|Any CPU.ActiveCfg = Release|Any CPU
		{A447C0D1-C505-4EE4-8D9D-A583760F3753}.Release|Any CPU.Build.0 = Release|Any CPU
	EndGlobalSection
	GlobalSection(NestedProjects) = preSolution
		{6091AD3F-8FA4-4014-B697-E0DAF6A2FA54} = {B875EC87-AEC7-4445-950B-8FE2B07B2603}
		{F7A0548C-97D8-4E29-B8E8-321295636776} = {B875EC87-AEC7-4445-950B-8FE2B07B2603}
		{E51F36FB-7509-472E-B649-753BBEFAC7A4} = {4B76B8DF-BD65-45DE-8152-C928B5D6A2FC}
		{57738329-A49E-47AA-8FCE-9E804D3A08B9} = {96AA5D27-131D-4756-90D6-84EFDBD1E52E}
		{78137CD5-BA45-4180-A3D6-FB9E0F07F6D3} = {B875EC87-AEC7-4445-950B-8FE2B07B2603}
		{A447C0D1-C505-4EE4-8D9D-A583760F3753} = {B875EC87-AEC7-4445-950B-8FE2B07B2603}
	EndGlobalSection
EndGlobal
