
Microsoft Visual Studio Solution File, Format Version 12.00
Project("{FAE04EC0-301F-11D3-BF4B-00C04F79EFBC}") = "IoC", "IoC\IoC.csproj", "{6091AD3F-8FA4-4014-B697-E0DAF6A2FA54}"
EndProject
Project("{FAE04EC0-301F-11D3-BF4B-00C04F79EFBC}") = "Tests", "Tests\Tests.csproj", "{E51F36FB-7509-472E-B649-753BBEFAC7A4}"
EndProject
Project("{FAE04EC0-301F-11D3-BF4B-00C04F79EFBC}") = "Benchmark", "Benchmark\Benchmark.csproj", "{57738329-A49E-47AA-8FCE-9E804D3A08B9}"
EndProject
Global
	GlobalSection(SolutionConfigurationPlatforms) = preSolution
		Debug|Any CPU = Debug|Any CPU
		Release|Any CPU = Release|Any CPU
	EndGlobalSection
	GlobalSection(ProjectConfigurationPlatforms) = postSolution
		{6091AD3F-8FA4-4014-B697-E0DAF6A2FA54}.Debug|Any CPU.ActiveCfg = Debug|Any CPU
		{6091AD3F-8FA4-4014-B697-E0DAF6A2FA54}.Debug|Any CPU.Build.0 = Debug|Any CPU
		{6091AD3F-8FA4-4014-B697-E0DAF6A2FA54}.Release|Any CPU.ActiveCfg = Release|Any CPU
		{6091AD3F-8FA4-4014-B697-E0DAF6A2FA54}.Release|Any CPU.Build.0 = Release|Any CPU
		{E51F36FB-7509-472E-B649-753BBEFAC7A4}.Debug|Any CPU.ActiveCfg = Debug|Any CPU
		{E51F36FB-7509-472E-B649-753BBEFAC7A4}.Release|Any CPU.ActiveCfg = Release|Any CPU
		{E51F36FB-7509-472E-B649-753BBEFAC7A4}.Release|Any CPU.Build.0 = Release|Any CPU
		{57738329-A49E-47AA-8FCE-9E804D3A08B9}.Debug|Any CPU.ActiveCfg = Debug|Any CPU
		{57738329-A49E-47AA-8FCE-9E804D3A08B9}.Debug|Any CPU.Build.0 = Debug|Any CPU
		{57738329-A49E-47AA-8FCE-9E804D3A08B9}.Release|Any CPU.ActiveCfg = Release|Any CPU
		{57738329-A49E-47AA-8FCE-9E804D3A08B9}.Release|Any CPU.Build.0 = Release|Any CPU
	EndGlobalSection
EndGlobal
